
Microsoft Visual Studio Solution File, Format Version 12.00
# Visual Studio Version 17
VisualStudioVersion = 17.0.31903.59
MinimumVisualStudioVersion = 10.0.40219.1
Project("{9A19103F-16F7-4668-BE54-9A1E7A4F7556}") = "MoviesMadeEasy", "MoviesMadeEasy\MoviesMadeEasy.csproj", "{0FFE8C47-E1BE-4925-A196-56B040340CA5}"
EndProject
Project("{9A19103F-16F7-4668-BE54-9A1E7A4F7556}") = "Tests_Unit", "Tests_Unit\Tests_Unit.csproj", "{DDC73E39-E7B3-40A9-B909-9272589D540A}"
EndProject
Global
	GlobalSection(SolutionConfigurationPlatforms) = preSolution
		Debug|Any CPU = Debug|Any CPU
		Release|Any CPU = Release|Any CPU
	EndGlobalSection
	GlobalSection(ProjectConfigurationPlatforms) = postSolution
		{0FFE8C47-E1BE-4925-A196-56B040340CA5}.Debug|Any CPU.ActiveCfg = Debug|Any CPU
		{0FFE8C47-E1BE-4925-A196-56B040340CA5}.Debug|Any CPU.Build.0 = Debug|Any CPU
		{0FFE8C47-E1BE-4925-A196-56B040340CA5}.Release|Any CPU.ActiveCfg = Release|Any CPU
		{0FFE8C47-E1BE-4925-A196-56B040340CA5}.Release|Any CPU.Build.0 = Release|Any CPU
		{DDC73E39-E7B3-40A9-B909-9272589D540A}.Debug|Any CPU.ActiveCfg = Debug|Any CPU
		{DDC73E39-E7B3-40A9-B909-9272589D540A}.Debug|Any CPU.Build.0 = Debug|Any CPU
		{DDC73E39-E7B3-40A9-B909-9272589D540A}.Release|Any CPU.ActiveCfg = Release|Any CPU
		{DDC73E39-E7B3-40A9-B909-9272589D540A}.Release|Any CPU.Build.0 = Release|Any CPU
	EndGlobalSection
	GlobalSection(SolutionProperties) = preSolution
		HideSolutionNode = FALSE
	EndGlobalSection
	GlobalSection(ExtensibilityGlobals) = postSolution
		SolutionGuid = {D70CDB18-ED71-464F-9581-9C6A1A8FE8B9}
	EndGlobalSection
EndGlobal
